
Microsoft Visual Studio Solution File, Format Version 12.00
# Visual Studio Version 16
VisualStudioVersion = 16.0.30907.101
MinimumVisualStudioVersion = 10.0.40219.1
Project("{FAE04EC0-301F-11D3-BF4B-00C04F79EFBC}") = "PeriodDaysCalendar", "PeriodDaysCalendar\PeriodDaysCalendar.csproj", "{55E24D7D-8E89-483F-A616-26C131B4B414}"
EndProject
Global
	GlobalSection(SolutionConfigurationPlatforms) = preSolution
		Debug|Any CPU = Debug|Any CPU
		Release|Any CPU = Release|Any CPU
	EndGlobalSection
	GlobalSection(ProjectConfigurationPlatforms) = postSolution
		{55E24D7D-8E89-483F-A616-26C131B4B414}.Debug|Any CPU.ActiveCfg = Debug|Any CPU
		{55E24D7D-8E89-483F-A616-26C131B4B414}.Debug|Any CPU.Build.0 = Debug|Any CPU
		{55E24D7D-8E89-483F-A616-26C131B4B414}.Release|Any CPU.ActiveCfg = Release|Any CPU
		{55E24D7D-8E89-483F-A616-26C131B4B414}.Release|Any CPU.Build.0 = Release|Any CPU
	EndGlobalSection
	GlobalSection(SolutionProperties) = preSolution
		HideSolutionNode = FALSE
	EndGlobalSection
	GlobalSection(ExtensibilityGlobals) = postSolution
		SolutionGuid = {026A92C9-D0C6-4E88-840A-07DD2EBC60F9}
	EndGlobalSection
EndGlobal
